
Microsoft Visual Studio Solution File, Format Version 12.00
# Visual Studio Version 17
VisualStudioVersion = 17.5.002.0
MinimumVisualStudioVersion = 10.0.40219.1
Project("{9A19103F-16F7-4668-BE54-9A1E7A4F7556}") = "Exp03-Constructor", "Exp03-Constructor.csproj", "{8A90365E-DBE2-4660-903A-9FC53F4D9346}"
EndProject
Global
	GlobalSection(SolutionConfigurationPlatforms) = preSolution
		Debug|Any CPU = Debug|Any CPU
		Release|Any CPU = Release|Any CPU
	EndGlobalSection
	GlobalSection(ProjectConfigurationPlatforms) = postSolution
		{8A90365E-DBE2-4660-903A-9FC53F4D9346}.Debug|Any CPU.ActiveCfg = Debug|Any CPU
		{8A90365E-DBE2-4660-903A-9FC53F4D9346}.Debug|Any CPU.Build.0 = Debug|Any CPU
		{8A90365E-DBE2-4660-903A-9FC53F4D9346}.Release|Any CPU.ActiveCfg = Release|Any CPU
		{8A90365E-DBE2-4660-903A-9FC53F4D9346}.Release|Any CPU.Build.0 = Release|Any CPU
	EndGlobalSection
	GlobalSection(SolutionProperties) = preSolution
		HideSolutionNode = FALSE
	EndGlobalSection
	GlobalSection(ExtensibilityGlobals) = postSolution
		SolutionGuid = {E0EC2BD1-31A9-4F09-8E61-B90EB53BE3C2}
	EndGlobalSection
EndGlobal
